// !$*UTF8*$!
{
	archiveVersion = 1;
	classes = {
	};
	objectVersion = 50;
	objects = {

/* Begin PBXBuildFile section */
		B53E03522521E82D00244943 /* AppDelegate.swift in Sources */ = {isa = PBXBuildFile; fileRef = B53E03512521E82D00244943 /* AppDelegate.swift */; };
		B53E03542521E82D00244943 /* SceneDelegate.swift in Sources */ = {isa = PBXBuildFile; fileRef = B53E03532521E82D00244943 /* SceneDelegate.swift */; };
		B53E03562521E82D00244943 /* WeatherViewController.swift in Sources */ = {isa = PBXBuildFile; fileRef = B53E03552521E82D00244943 /* WeatherViewController.swift */; };
		B53E03592521E82D00244943 /* Main.storyboard in Resources */ = {isa = PBXBuildFile; fileRef = B53E03572521E82D00244943 /* Main.storyboard */; };
		B53E035B2521E83100244943 /* Assets.xcassets in Resources */ = {isa = PBXBuildFile; fileRef = B53E035A2521E83100244943 /* Assets.xcassets */; };
		B53E035E2521E83100244943 /* LaunchScreen.storyboard in Resources */ = {isa = PBXBuildFile; fileRef = B53E035C2521E83100244943 /* LaunchScreen.storyboard */; };
		B53E03662523469100244943 /* WeatherData.swift in Sources */ = {isa = PBXBuildFile; fileRef = B53E03652523469100244943 /* WeatherData.swift */; };
		B53E0368252346B000244943 /* WeatherManager.swift in Sources */ = {isa = PBXBuildFile; fileRef = B53E0367252346B000244943 /* WeatherManager.swift */; };
		B53E036A2523C66C00244943 /* WeatherModel.swift in Sources */ = {isa = PBXBuildFile; fileRef = B53E03692523C66C00244943 /* WeatherModel.swift */; };
		B53E036C25248E5E00244943 /* WeatherJokes.swift in Sources */ = {isa = PBXBuildFile; fileRef = B53E036B25248E5E00244943 /* WeatherJokes.swift */; };
/* End PBXBuildFile section */

/* Begin PBXFileReference section */
		B53E034E2521E82D00244943 /* WeatherFun.app */ = {isa = PBXFileReference; explicitFileType = wrapper.application; includeInIndex = 0; path = WeatherFun.app; sourceTree = BUILT_PRODUCTS_DIR; };
		B53E03512521E82D00244943 /* AppDelegate.swift */ = {isa = PBXFileReference; lastKnownFileType = sourcecode.swift; path = AppDelegate.swift; sourceTree = "<group>"; };
		B53E03532521E82D00244943 /* SceneDelegate.swift */ = {isa = PBXFileReference; lastKnownFileType = sourcecode.swift; path = SceneDelegate.swift; sourceTree = "<group>"; };
		B53E03552521E82D00244943 /* WeatherViewController.swift */ = {isa = PBXFileReference; lastKnownFileType = sourcecode.swift; path = WeatherViewController.swift; sourceTree = "<group>"; };
		B53E03582521E82D00244943 /* Base */ = {isa = PBXFileReference; lastKnownFileType = file.storyboard; name = Base; path = Base.lproj/Main.storyboard; sourceTree = "<group>"; };
		B53E035A2521E83100244943 /* Assets.xcassets */ = {isa = PBXFileReference; lastKnownFileType = folder.assetcatalog; path = Assets.xcassets; sourceTree = "<group>"; };
		B53E035D2521E83100244943 /* Base */ = {isa = PBXFileReference; lastKnownFileType = file.storyboard; name = Base; path = Base.lproj/LaunchScreen.storyboard; sourceTree = "<group>"; };
		B53E035F2521E83100244943 /* Info.plist */ = {isa = PBXFileReference; lastKnownFileType = text.plist.xml; path = Info.plist; sourceTree = "<group>"; };
		B53E03652523469100244943 /* WeatherData.swift */ = {isa = PBXFileReference; lastKnownFileType = sourcecode.swift; path = WeatherData.swift; sourceTree = "<group>"; };
		B53E0367252346B000244943 /* WeatherManager.swift */ = {isa = PBXFileReference; lastKnownFileType = sourcecode.swift; path = WeatherManager.swift; sourceTree = "<group>"; };
		B53E03692523C66C00244943 /* WeatherModel.swift */ = {isa = PBXFileReference; lastKnownFileType = sourcecode.swift; path = WeatherModel.swift; sourceTree = "<group>"; };
		B53E036B25248E5E00244943 /* WeatherJokes.swift */ = {isa = PBXFileReference; lastKnownFileType = sourcecode.swift; path = WeatherJokes.swift; sourceTree = "<group>"; };
/* End PBXFileReference section */

/* Begin PBXFrameworksBuildPhase section */
		B53E034B2521E82D00244943 /* Frameworks */ = {
			isa = PBXFrameworksBuildPhase;
			buildActionMask = 2147483647;
			files = (
			);
			runOnlyForDeploymentPostprocessing = 0;
		};
/* End PBXFrameworksBuildPhase section */

/* Begin PBXGroup section */
		B53E03452521E82D00244943 = {
			isa = PBXGroup;
			children = (
				B53E03502521E82D00244943 /* WeatherFun */,
				B53E034F2521E82D00244943 /* Products */,
			);
			sourceTree = "<group>";
		};
		B53E034F2521E82D00244943 /* Products */ = {
			isa = PBXGroup;
			children = (
				B53E034E2521E82D00244943 /* WeatherFun.app */,
			);
			name = Products;
			sourceTree = "<group>";
		};
		B53E03502521E82D00244943 /* WeatherFun */ = {
			isa = PBXGroup;
			children = (
				B53E03512521E82D00244943 /* AppDelegate.swift */,
				B53E03532521E82D00244943 /* SceneDelegate.swift */,
				B58D4CD9253D92E800CF9D22 /* View */,
				B58D4CD8253D92D300CF9D22 /* Model */,
				B58D4CDA253D930200CF9D22 /* Controller */,
				B53E03572521E82D00244943 /* Main.storyboard */,
				B53E035A2521E83100244943 /* Assets.xcassets */,
				B53E035C2521E83100244943 /* LaunchScreen.storyboard */,
				B53E035F2521E83100244943 /* Info.plist */,
			);
			path = WeatherFun;
			sourceTree = "<group>";
		};
		B58D4CD8253D92D300CF9D22 /* Model */ = {
			isa = PBXGroup;
			children = (
				B53E03652523469100244943 /* WeatherData.swift */,
				B53E03692523C66C00244943 /* WeatherModel.swift */,
				B53E036B25248E5E00244943 /* WeatherJokes.swift */,
			);
			path = Model;
			sourceTree = "<group>";
		};
		B58D4CD9253D92E800CF9D22 /* View */ = {
			isa = PBXGroup;
			children = (
				B53E03552521E82D00244943 /* WeatherViewController.swift */,
			);
			path = View;
			sourceTree = "<group>";
		};
		B58D4CDA253D930200CF9D22 /* Controller */ = {
			isa = PBXGroup;
			children = (
				B53E0367252346B000244943 /* WeatherManager.swift */,
			);
			path = Controller;
			sourceTree = "<group>";
		};
/* End PBXGroup section */

/* Begin PBXNativeTarget section */
		B53E034D2521E82D00244943 /* WeatherFun */ = {
			isa = PBXNativeTarget;
			buildConfigurationList = B53E03622521E83100244943 /* Build configuration list for PBXNativeTarget "WeatherFun" */;
			buildPhases = (
				B53E034A2521E82D00244943 /* Sources */,
				B53E034B2521E82D00244943 /* Frameworks */,
				B53E034C2521E82D00244943 /* Resources */,
			);
			buildRules = (
			);
			dependencies = (
			);
			name = WeatherFun;
			productName = JustWeather;
			productReference = B53E034E2521E82D00244943 /* WeatherFun.app */;
			productType = "com.apple.product-type.application";
		};
/* End PBXNativeTarget section */

/* Begin PBXProject section */
		B53E03462521E82D00244943 /* Project object */ = {
			isa = PBXProject;
			attributes = {
				LastSwiftUpdateCheck = 1140;
				LastUpgradeCheck = 1140;
				ORGANIZATIONNAME = "Bogdan Zarioiu";
				TargetAttributes = {
					B53E034D2521E82D00244943 = {
						CreatedOnToolsVersion = 11.4.1;
					};
				};
			};
			buildConfigurationList = B53E03492521E82D00244943 /* Build configuration list for PBXProject "WeatherFun" */;
			compatibilityVersion = "Xcode 9.3";
			developmentRegion = en;
			hasScannedForEncodings = 0;
			knownRegions = (
				en,
				Base,
			);
			mainGroup = B53E03452521E82D00244943;
			productRefGroup = B53E034F2521E82D00244943 /* Products */;
			projectDirPath = "";
			projectRoot = "";
			targets = (
				B53E034D2521E82D00244943 /* WeatherFun */,
			);
		};
/* End PBXProject section */

/* Begin PBXResourcesBuildPhase section */
		B53E034C2521E82D00244943 /* Resources */ = {
			isa = PBXResourcesBuildPhase;
			buildActionMask = 2147483647;
			files = (
				B53E035E2521E83100244943 /* LaunchScreen.storyboard in Resources */,
				B53E035B2521E83100244943 /* Assets.xcassets in Resources */,
				B53E03592521E82D00244943 /* Main.storyboard in Resources */,
			);
			runOnlyForDeploymentPostprocessing = 0;
		};
/* End PBXResourcesBuildPhase section */

/* Begin PBXSourcesBuildPhase section */
		B53E034A2521E82D00244943 /* Sources */ = {
			isa = PBXSourcesBuildPhase;
			buildActionMask = 2147483647;
			files = (
				B53E03562521E82D00244943 /* WeatherViewController.swift in Sources */,
				B53E036C25248E5E00244943 /* WeatherJokes.swift in Sources */,
				B53E03522521E82D00244943 /* AppDelegate.swift in Sources */,
				B53E0368252346B000244943 /* WeatherManager.swift in Sources */,
				B53E03662523469100244943 /* WeatherData.swift in Sources */,
				B53E036A2523C66C00244943 /* WeatherModel.swift in Sources */,
				B53E03542521E82D00244943 /* SceneDelegate.swift in Sources */,
			);
			runOnlyForDeploymentPostprocessing = 0;
		};
/* End PBXSourcesBuildPhase section */

/* Begin PBXVariantGroup section */
		B53E03572521E82D00244943 /* Main.storyboard */ = {
			isa = PBXVariantGroup;
			children = (
				B53E03582521E82D00244943 /* Base */,
			);
			name = Main.storyboard;
			sourceTree = "<group>";
		};
		B53E035C2521E83100244943 /* LaunchScreen.storyboard */ = {
			isa = PBXVariantGroup;
			children = (
				B53E035D2521E83100244943 /* Base */,
			);
			name = LaunchScreen.storyboard;
			sourceTree = "<group>";
		};
/* End PBXVariantGroup section */

/* Begin XCBuildConfiguration section */
		B53E03602521E83100244943 /* Debug */ = {
			isa = XCBuildConfiguration;
			buildSettings = {
				ALWAYS_SEARCH_USER_PATHS = NO;
				CLANG_ANALYZER_NONNULL = YES;
				CLANG_ANALYZER_NUMBER_OBJECT_CONVERSION = YES_AGGRESSIVE;
				CLANG_CXX_LANGUAGE_STANDARD = "gnu++14";
				CLANG_CXX_LIBRARY = "libc++";
				CLANG_ENABLE_MODULES = YES;
				CLANG_ENABLE_OBJC_ARC = YES;
				CLANG_ENABLE_OBJC_WEAK = YES;
				CLANG_WARN_BLOCK_CAPTURE_AUTORELEASING = YES;
				CLANG_WARN_BOOL_CONVERSION = YES;
				CLANG_WARN_COMMA = YES;
				CLANG_WARN_CONSTANT_CONVERSION = YES;
				CLANG_WARN_DEPRECATED_OBJC_IMPLEMENTATIONS = YES;
				CLANG_WARN_DIRECT_OBJC_ISA_USAGE = YES_ERROR;
				CLANG_WARN_DOCUMENTATION_COMMENTS = YES;
				CLANG_WARN_EMPTY_BODY = YES;
				CLANG_WARN_ENUM_CONVERSION = YES;
				CLANG_WARN_INFINITE_RECURSION = YES;
				CLANG_WARN_INT_CONVERSION = YES;
				CLANG_WARN_NON_LITERAL_NULL_CONVERSION = YES;
				CLANG_WARN_OBJC_IMPLICIT_RETAIN_SELF = YES;
				CLANG_WARN_OBJC_LITERAL_CONVERSION = YES;
				CLANG_WARN_OBJC_ROOT_CLASS = YES_ERROR;
				CLANG_WARN_RANGE_LOOP_ANALYSIS = YES;
				CLANG_WARN_STRICT_PROTOTYPES = YES;
				CLANG_WARN_SUSPICIOUS_MOVE = YES;
				CLANG_WARN_UNGUARDED_AVAILABILITY = YES_AGGRESSIVE;
				CLANG_WARN_UNREACHABLE_CODE = YES;
				CLANG_WARN__DUPLICATE_METHOD_MATCH = YES;
				COPY_PHASE_STRIP = NO;
				DEBUG_INFORMATION_FORMAT = dwarf;
				ENABLE_STRICT_OBJC_MSGSEND = YES;
				ENABLE_TESTABILITY = YES;
				GCC_C_LANGUAGE_STANDARD = gnu11;
				GCC_DYNAMIC_NO_PIC = NO;
				GCC_NO_COMMON_BLOCKS = YES;
				GCC_OPTIMIZATION_LEVEL = 0;
				GCC_PREPROCESSOR_DEFINITIONS = (
					"DEBUG=1",
					"$(inherited)",
				);
				GCC_WARN_64_TO_32_BIT_CONVERSION = YES;
				GCC_WARN_ABOUT_RETURN_TYPE = YES_ERROR;
				GCC_WARN_UNDECLARED_SELECTOR = YES;
				GCC_WARN_UNINITIALIZED_AUTOS = YES_AGGRESSIVE;
				GCC_WARN_UNUSED_FUNCTION = YES;
				GCC_WARN_UNUSED_VARIABLE = YES;
				IPHONEOS_DEPLOYMENT_TARGET = 13.4;
				MTL_ENABLE_DEBUG_INFO = INCLUDE_SOURCE;
				MTL_FAST_MATH = YES;
				ONLY_ACTIVE_ARCH = YES;
				SDKROOT = iphoneos;
				SWIFT_ACTIVE_COMPILATION_CONDITIONS = DEBUG;
				SWIFT_OPTIMIZATION_LEVEL = "-Onone";
			};
			name = Debug;
		};
		B53E03612521E83100244943 /* Release */ = {
			isa = XCBuildConfiguration;
			buildSettings = {
				ALWAYS_SEARCH_USER_PATHS = NO;
				CLANG_ANALYZER_NONNULL = YES;
				CLANG_ANALYZER_NUMBER_OBJECT_CONVERSION = YES_AGGRESSIVE;
				CLANG_CXX_LANGUAGE_STANDARD = "gnu++14";
				CLANG_CXX_LIBRARY = "libc++";
				CLANG_ENABLE_MODULES = YES;
				CLANG_ENABLE_OBJC_ARC = YES;
				CLANG_ENABLE_OBJC_WEAK = YES;
				CLANG_WARN_BLOCK_CAPTURE_AUTORELEASING = YES;
				CLANG_WARN_BOOL_CONVERSION = YES;
				CLANG_WARN_COMMA = YES;
				CLANG_WARN_CONSTANT_CONVERSION = YES;
				CLANG_WARN_DEPRECATED_OBJC_IMPLEMENTATIONS = YES;
				CLANG_WARN_DIRECT_OBJC_ISA_USAGE = YES_ERROR;
				CLANG_WARN_DOCUMENTATION_COMMENTS = YES;
				CLANG_WARN_EMPTY_BODY = YES;
				CLANG_WARN_ENUM_CONVERSION = YES;
				CLANG_WARN_INFINITE_RECURSION = YES;
				CLANG_WARN_INT_CONVERSION = YES;
				CLANG_WARN_NON_LITERAL_NULL_CONVERSION = YES;
				CLANG_WARN_OBJC_IMPLICIT_RETAIN_SELF = YES;
				CLANG_WARN_OBJC_LITERAL_CONVERSION = YES;
				CLANG_WARN_OBJC_ROOT_CLASS = YES_ERROR;
				CLANG_WARN_RANGE_LOOP_ANALYSIS = YES;
				CLANG_WARN_STRICT_PROTOTYPES = YES;
				CLANG_WARN_SUSPICIOUS_MOVE = YES;
				CLANG_WARN_UNGUARDED_AVAILABILITY = YES_AGGRESSIVE;
				CLANG_WARN_UNREACHABLE_CODE = YES;
				CLANG_WARN__DUPLICATE_METHOD_MATCH = YES;
				COPY_PHASE_STRIP = NO;
				DEBUG_INFORMATION_FORMAT = "dwarf-with-dsym";
				ENABLE_NS_ASSERTIONS = NO;
				ENABLE_STRICT_OBJC_MSGSEND = YES;
				GCC_C_LANGUAGE_STANDARD = gnu11;
				GCC_NO_COMMON_BLOCKS = YES;
				GCC_WARN_64_TO_32_BIT_CONVERSION = YES;
				GCC_WARN_ABOUT_RETURN_TYPE = YES_ERROR;
				GCC_WARN_UNDECLARED_SELECTOR = YES;
				GCC_WARN_UNINITIALIZED_AUTOS = YES_AGGRESSIVE;
				GCC_WARN_UNUSED_FUNCTION = YES;
				GCC_WARN_UNUSED_VARIABLE = YES;
				IPHONEOS_DEPLOYMENT_TARGET = 13.4;
				MTL_ENABLE_DEBUG_INFO = NO;
				MTL_FAST_MATH = YES;
				SDKROOT = iphoneos;
				SWIFT_COMPILATION_MODE = wholemodule;
				SWIFT_OPTIMIZATION_LEVEL = "-O";
				VALIDATE_PRODUCT = YES;
			};
			name = Release;
		};
		B53E03632521E83100244943 /* Debug */ = {
			isa = XCBuildConfiguration;
			buildSettings = {
				ASSETCATALOG_COMPILER_APPICON_NAME = AppIcon;
				CODE_SIGN_STYLE = Automatic;
				DEVELOPMENT_TEAM = F3S2XGQQQ4;
				INFOPLIST_FILE = WeatherFun/Info.plist;
				LD_RUNPATH_SEARCH_PATHS = (
					"$(inherited)",
					"@executable_path/Frameworks",
				);
				PRODUCT_BUNDLE_IDENTIFIER = com.BogdanZarioiu.WeatherFun;
				PRODUCT_NAME = "$(TARGET_NAME)";
				SWIFT_VERSION = 5.0;
				TARGETED_DEVICE_FAMILY = 1;
			};
			name = Debug;
		};
		B53E03642521E83100244943 /* Release */ = {
			isa = XCBuildConfiguration;
			buildSettings = {
				ASSETCATALOG_COMPILER_APPICON_NAME = AppIcon;
				CODE_SIGN_STYLE = Automatic;
				DEVELOPMENT_TEAM = F3S2XGQQQ4;
				INFOPLIST_FILE = WeatherFun/Info.plist;
				LD_RUNPATH_SEARCH_PATHS = (
					"$(inherited)",
					"@executable_path/Frameworks",
				);
				PRODUCT_BUNDLE_IDENTIFIER = com.BogdanZarioiu.WeatherFun;
				PRODUCT_NAME = "$(TARGET_NAME)";
				SWIFT_VERSION = 5.0;
				TARGETED_DEVICE_FAMILY = 1;
			};
			name = Release;
		};
/* End XCBuildConfiguration section */

/* Begin XCConfigurationList section */
		B53E03492521E82D00244943 /* Build configuration list for PBXProject "WeatherFun" */ = {
			isa = XCConfigurationList;
			buildConfigurations = (
				B53E03602521E83100244943 /* Debug */,
				B53E03612521E83100244943 /* Release */,
			);
			defaultConfigurationIsVisible = 0;
			defaultConfigurationName = Release;
		};
		B53E03622521E83100244943 /* Build configuration list for PBXNativeTarget "WeatherFun" */ = {
			isa = XCConfigurationList;
			buildConfigurations = (
				B53E03632521E83100244943 /* Debug */,
				B53E03642521E83100244943 /* Release */,
			);
			defaultConfigurationIsVisible = 0;
			defaultConfigurationName = Release;
		};
/* End XCConfigurationList section */
	};
	rootObject = B53E03462521E82D00244943 /* Project object */;
}
